
Microsoft Visual Studio Solution File, Format Version 12.00
# Visual Studio Version 17
VisualStudioVersion = 17.2.32616.157
MinimumVisualStudioVersion = 10.0.40219.1
Project("{9A19103F-16F7-4668-BE54-9A1E7A4F7556}") = "Nexos", "NexosApi\Nexos.csproj", "{3D4AD6FF-EC71-4912-AD40-FADA1A3B2EE1}"
EndProject
Project("{9A19103F-16F7-4668-BE54-9A1E7A4F7556}") = "Nexos.DAL", "Nexos.DAL\Nexos.DAL.csproj", "{547C98E1-FDBD-4FC7-8D54-E7909E806B54}"
EndProject
Project("{9A19103F-16F7-4668-BE54-9A1E7A4F7556}") = "Nexos.BLL", "Nexos.BLL\Nexos.BLL.csproj", "{B7950B60-E76F-49BA-809E-AA5BF22EE850}"
EndProject
Global
	GlobalSection(SolutionConfigurationPlatforms) = preSolution
		Debug|Any CPU = Debug|Any CPU
		Release|Any CPU = Release|Any CPU
	EndGlobalSection
	GlobalSection(ProjectConfigurationPlatforms) = postSolution
		{3D4AD6FF-EC71-4912-AD40-FADA1A3B2EE1}.Debug|Any CPU.ActiveCfg = Debug|Any CPU
		{3D4AD6FF-EC71-4912-AD40-FADA1A3B2EE1}.Debug|Any CPU.Build.0 = Debug|Any CPU
		{3D4AD6FF-EC71-4912-AD40-FADA1A3B2EE1}.Release|Any CPU.ActiveCfg = Release|Any CPU
		{3D4AD6FF-EC71-4912-AD40-FADA1A3B2EE1}.Release|Any CPU.Build.0 = Release|Any CPU
		{547C98E1-FDBD-4FC7-8D54-E7909E806B54}.Debug|Any CPU.ActiveCfg = Debug|Any CPU
		{547C98E1-FDBD-4FC7-8D54-E7909E806B54}.Debug|Any CPU.Build.0 = Debug|Any CPU
		{547C98E1-FDBD-4FC7-8D54-E7909E806B54}.Release|Any CPU.ActiveCfg = Release|Any CPU
		{547C98E1-FDBD-4FC7-8D54-E7909E806B54}.Release|Any CPU.Build.0 = Release|Any CPU
		{B7950B60-E76F-49BA-809E-AA5BF22EE850}.Debug|Any CPU.ActiveCfg = Debug|Any CPU
		{B7950B60-E76F-49BA-809E-AA5BF22EE850}.Debug|Any CPU.Build.0 = Debug|Any CPU
		{B7950B60-E76F-49BA-809E-AA5BF22EE850}.Release|Any CPU.ActiveCfg = Release|Any CPU
		{B7950B60-E76F-49BA-809E-AA5BF22EE850}.Release|Any CPU.Build.0 = Release|Any CPU
	EndGlobalSection
	GlobalSection(SolutionProperties) = preSolution
		HideSolutionNode = FALSE
	EndGlobalSection
	GlobalSection(ExtensibilityGlobals) = postSolution
		SolutionGuid = {8950C28A-CC47-4FDC-B863-0FDFF75423AD}
	EndGlobalSection
EndGlobal
